// !$*UTF8*$!
{
	archiveVersion = 1;
	classes = {
	};
	objectVersion = 56;
	objects = {

/* Begin PBXBuildFile section */
		AA7530D02B79F2E500EC79C9 /* ConfigurationView.swift in Sources */ = {isa = PBXBuildFile; fileRef = AA7530CF2B79F2E500EC79C9 /* ConfigurationView.swift */; };
		AA7530D32B7AE51700EC79C9 /* Roboflow in Frameworks */ = {isa = PBXBuildFile; productRef = AA7530D22B7AE51700EC79C9 /* Roboflow */; };
		AA88B32D2B79AE78000EED4D /* FabricDecoderApp.swift in Sources */ = {isa = PBXBuildFile; fileRef = AA88B32C2B79AE78000EED4D /* FabricDecoderApp.swift */; };
		AA88B32F2B79AE78000EED4D /* ContentView.swift in Sources */ = {isa = PBXBuildFile; fileRef = AA88B32E2B79AE78000EED4D /* ContentView.swift */; };
		AA88B3312B79AE79000EED4D /* Assets.xcassets in Resources */ = {isa = PBXBuildFile; fileRef = AA88B3302B79AE79000EED4D /* Assets.xcassets */; };
		AA88B3342B79AE79000EED4D /* Preview Assets.xcassets in Resources */ = {isa = PBXBuildFile; fileRef = AA88B3332B79AE79000EED4D /* Preview Assets.xcassets */; };
		AA88B33B2B79AE99000EED4D /* ObjectDetectionView.swift in Sources */ = {isa = PBXBuildFile; fileRef = AA88B33A2B79AE99000EED4D /* ObjectDetectionView.swift */; };
		AA88B33D2B79AF7E000EED4D /* MultiTabView.swift in Sources */ = {isa = PBXBuildFile; fileRef = AA88B33C2B79AF7E000EED4D /* MultiTabView.swift */; };
		AA88B3402B79AFB3000EED4D /* SwiftyJSON in Frameworks */ = {isa = PBXBuildFile; productRef = AA88B33F2B79AFB3000EED4D /* SwiftyJSON */; };
		AA88B3422B79B043000EED4D /* ImagePicker.swift in Sources */ = {isa = PBXBuildFile; fileRef = AA88B3412B79B043000EED4D /* ImagePicker.swift */; };
		AA88B3442B79B071000EED4D /* WebViewCore.swift in Sources */ = {isa = PBXBuildFile; fileRef = AA88B3432B79B071000EED4D /* WebViewCore.swift */; };
		AA88B3462B79B117000EED4D /* FabricObjectDetector 1 Iteration 150.mlmodel in Sources */ = {isa = PBXBuildFile; fileRef = AA88B3452B79B117000EED4D /* FabricObjectDetector 1 Iteration 150.mlmodel */; };
		AA88B3482B79C3B1000EED4D /* FabricObjectDetector 1 Iteration 3770.mlmodel in Sources */ = {isa = PBXBuildFile; fileRef = AA88B3472B79C3B1000EED4D /* FabricObjectDetector 1 Iteration 3770.mlmodel */; };
		AA88B34A2B79C9F8000EED4D /* LabelCoordinates.swift in Sources */ = {isa = PBXBuildFile; fileRef = AA88B3492B79C9F8000EED4D /* LabelCoordinates.swift */; };
		AA88B34C2B79E21C000EED4D /* FabricInfo.swift in Sources */ = {isa = PBXBuildFile; fileRef = AA88B34B2B79E21C000EED4D /* FabricInfo.swift */; };
		AA88B34E2B79E62E000EED4D /* FabricObjectDetector 1.mlmodel in Sources */ = {isa = PBXBuildFile; fileRef = AA88B34D2B79E62E000EED4D /* FabricObjectDetector 1.mlmodel */; };
/* End PBXBuildFile section */

/* Begin PBXFileReference section */
		AA3695D42B7D30EE00B0C307 /* Info.plist */ = {isa = PBXFileReference; lastKnownFileType = text.plist; path = Info.plist; sourceTree = "<group>"; };
		AA7530CF2B79F2E500EC79C9 /* ConfigurationView.swift */ = {isa = PBXFileReference; lastKnownFileType = sourcecode.swift; path = ConfigurationView.swift; sourceTree = "<group>"; };
		AA88B3292B79AE78000EED4D /* FabricDecoder.app */ = {isa = PBXFileReference; explicitFileType = wrapper.application; includeInIndex = 0; path = FabricDecoder.app; sourceTree = BUILT_PRODUCTS_DIR; };
		AA88B32C2B79AE78000EED4D /* FabricDecoderApp.swift */ = {isa = PBXFileReference; lastKnownFileType = sourcecode.swift; path = FabricDecoderApp.swift; sourceTree = "<group>"; };
		AA88B32E2B79AE78000EED4D /* ContentView.swift */ = {isa = PBXFileReference; lastKnownFileType = sourcecode.swift; path = ContentView.swift; sourceTree = "<group>"; };
		AA88B3302B79AE79000EED4D /* Assets.xcassets */ = {isa = PBXFileReference; lastKnownFileType = folder.assetcatalog; path = Assets.xcassets; sourceTree = "<group>"; };
		AA88B3332B79AE79000EED4D /* Preview Assets.xcassets */ = {isa = PBXFileReference; lastKnownFileType = folder.assetcatalog; path = "Preview Assets.xcassets"; sourceTree = "<group>"; };
		AA88B33A2B79AE99000EED4D /* ObjectDetectionView.swift */ = {isa = PBXFileReference; lastKnownFileType = sourcecode.swift; path = ObjectDetectionView.swift; sourceTree = "<group>"; };
		AA88B33C2B79AF7E000EED4D /* MultiTabView.swift */ = {isa = PBXFileReference; lastKnownFileType = sourcecode.swift; path = MultiTabView.swift; sourceTree = "<group>"; };
		AA88B3412B79B043000EED4D /* ImagePicker.swift */ = {isa = PBXFileReference; lastKnownFileType = sourcecode.swift; path = ImagePicker.swift; sourceTree = "<group>"; };
		AA88B3432B79B071000EED4D /* WebViewCore.swift */ = {isa = PBXFileReference; lastKnownFileType = sourcecode.swift; path = WebViewCore.swift; sourceTree = "<group>"; };
		AA88B3452B79B117000EED4D /* FabricObjectDetector 1 Iteration 150.mlmodel */ = {isa = PBXFileReference; lastKnownFileType = file.mlmodel; path = "FabricObjectDetector 1 Iteration 150.mlmodel"; sourceTree = "<group>"; };
		AA88B3472B79C3B1000EED4D /* FabricObjectDetector 1 Iteration 3770.mlmodel */ = {isa = PBXFileReference; lastKnownFileType = file.mlmodel; path = "FabricObjectDetector 1 Iteration 3770.mlmodel"; sourceTree = "<group>"; };
		AA88B3492B79C9F8000EED4D /* LabelCoordinates.swift */ = {isa = PBXFileReference; lastKnownFileType = sourcecode.swift; path = LabelCoordinates.swift; sourceTree = "<group>"; };
		AA88B34B2B79E21C000EED4D /* FabricInfo.swift */ = {isa = PBXFileReference; lastKnownFileType = sourcecode.swift; path = FabricInfo.swift; sourceTree = "<group>"; };
		AA88B34D2B79E62E000EED4D /* FabricObjectDetector 1.mlmodel */ = {isa = PBXFileReference; lastKnownFileType = file.mlmodel; path = "FabricObjectDetector 1.mlmodel"; sourceTree = "<group>"; };
/* End PBXFileReference section */

/* Begin PBXFrameworksBuildPhase section */
		AA88B3262B79AE78000EED4D /* Frameworks */ = {
			isa = PBXFrameworksBuildPhase;
			buildActionMask = 2147483647;
			files = (
				AA7530D32B7AE51700EC79C9 /* Roboflow in Frameworks */,
				AA88B3402B79AFB3000EED4D /* SwiftyJSON in Frameworks */,
			);
			runOnlyForDeploymentPostprocessing = 0;
		};
/* End PBXFrameworksBuildPhase section */

/* Begin PBXGroup section */
		AA88B3202B79AE78000EED4D = {
			isa = PBXGroup;
			children = (
				AA88B32B2B79AE78000EED4D /* FabricDecoder */,
				AA88B32A2B79AE78000EED4D /* Products */,
			);
			sourceTree = "<group>";
		};
		AA88B32A2B79AE78000EED4D /* Products */ = {
			isa = PBXGroup;
			children = (
				AA88B3292B79AE78000EED4D /* FabricDecoder.app */,
			);
			name = Products;
			sourceTree = "<group>";
		};
		AA88B32B2B79AE78000EED4D /* FabricDecoder */ = {
			isa = PBXGroup;
			children = (
				AA3695D42B7D30EE00B0C307 /* Info.plist */,
				AA88B32C2B79AE78000EED4D /* FabricDecoderApp.swift */,
				AA88B32E2B79AE78000EED4D /* ContentView.swift */,
				AA88B3412B79B043000EED4D /* ImagePicker.swift */,
				AA88B33A2B79AE99000EED4D /* ObjectDetectionView.swift */,
				AA88B34B2B79E21C000EED4D /* FabricInfo.swift */,
				AA88B3492B79C9F8000EED4D /* LabelCoordinates.swift */,
				AA7530CF2B79F2E500EC79C9 /* ConfigurationView.swift */,
				AA88B33C2B79AF7E000EED4D /* MultiTabView.swift */,
				AA88B3432B79B071000EED4D /* WebViewCore.swift */,
				AA88B34D2B79E62E000EED4D /* FabricObjectDetector 1.mlmodel */,
				AA88B3452B79B117000EED4D /* FabricObjectDetector 1 Iteration 150.mlmodel */,
				AA88B3472B79C3B1000EED4D /* FabricObjectDetector 1 Iteration 3770.mlmodel */,
				AA88B3302B79AE79000EED4D /* Assets.xcassets */,
				AA88B3322B79AE79000EED4D /* Preview Content */,
			);
			path = FabricDecoder;
			sourceTree = "<group>";
		};
		AA88B3322B79AE79000EED4D /* Preview Content */ = {
			isa = PBXGroup;
			children = (
				AA88B3332B79AE79000EED4D /* Preview Assets.xcassets */,
			);
			path = "Preview Content";
			sourceTree = "<group>";
		};
/* End PBXGroup section */

/* Begin PBXNativeTarget section */
		AA88B3282B79AE78000EED4D /* FabricDecoder */ = {
			isa = PBXNativeTarget;
			buildConfigurationList = AA88B3372B79AE79000EED4D /* Build configuration list for PBXNativeTarget "FabricDecoder" */;
			buildPhases = (
				AA88B3252B79AE78000EED4D /* Sources */,
				AA88B3262B79AE78000EED4D /* Frameworks */,
				AA88B3272B79AE78000EED4D /* Resources */,
			);
			buildRules = (
			);
			dependencies = (
			);
			name = FabricDecoder;
			packageProductDependencies = (
				AA88B33F2B79AFB3000EED4D /* SwiftyJSON */,
				AA7530D22B7AE51700EC79C9 /* Roboflow */,
			);
			productName = FabricDecoder;
			productReference = AA88B3292B79AE78000EED4D /* FabricDecoder.app */;
			productType = "com.apple.product-type.application";
		};
/* End PBXNativeTarget section */

/* Begin PBXProject section */
		AA88B3212B79AE78000EED4D /* Project object */ = {
			isa = PBXProject;
			attributes = {
				BuildIndependentTargetsInParallel = 1;
				LastSwiftUpdateCheck = 1520;
				LastUpgradeCheck = 1520;
				TargetAttributes = {
					AA88B3282B79AE78000EED4D = {
						CreatedOnToolsVersion = 15.2;
					};
				};
			};
			buildConfigurationList = AA88B3242B79AE78000EED4D /* Build configuration list for PBXProject "FabricDecoder" */;
			compatibilityVersion = "Xcode 14.0";
			developmentRegion = en;
			hasScannedForEncodings = 0;
			knownRegions = (
				en,
				Base,
			);
			mainGroup = AA88B3202B79AE78000EED4D;
			packageReferences = (
				AA88B33E2B79AFB3000EED4D /* XCRemoteSwiftPackageReference "SwiftyJSON" */,
				AA7530D12B7AE51700EC79C9 /* XCRemoteSwiftPackageReference "roboflow-swift" */,
			);
			productRefGroup = AA88B32A2B79AE78000EED4D /* Products */;
			projectDirPath = "";
			projectRoot = "";
			targets = (
				AA88B3282B79AE78000EED4D /* FabricDecoder */,
			);
		};
/* End PBXProject section */

/* Begin PBXResourcesBuildPhase section */
		AA88B3272B79AE78000EED4D /* Resources */ = {
			isa = PBXResourcesBuildPhase;
			buildActionMask = 2147483647;
			files = (
				AA88B3342B79AE79000EED4D /* Preview Assets.xcassets in Resources */,
				AA88B3312B79AE79000EED4D /* Assets.xcassets in Resources */,
			);
			runOnlyForDeploymentPostprocessing = 0;
		};
/* End PBXResourcesBuildPhase section */

/* Begin PBXSourcesBuildPhase section */
		AA88B3252B79AE78000EED4D /* Sources */ = {
			isa = PBXSourcesBuildPhase;
			buildActionMask = 2147483647;
			files = (
				AA88B32F2B79AE78000EED4D /* ContentView.swift in Sources */,
				AA7530D02B79F2E500EC79C9 /* ConfigurationView.swift in Sources */,
				AA88B33B2B79AE99000EED4D /* ObjectDetectionView.swift in Sources */,
				AA88B3422B79B043000EED4D /* ImagePicker.swift in Sources */,
				AA88B34E2B79E62E000EED4D /* FabricObjectDetector 1.mlmodel in Sources */,
				AA88B34A2B79C9F8000EED4D /* LabelCoordinates.swift in Sources */,
				AA88B33D2B79AF7E000EED4D /* MultiTabView.swift in Sources */,
				AA88B3442B79B071000EED4D /* WebViewCore.swift in Sources */,
				AA88B3462B79B117000EED4D /* FabricObjectDetector 1 Iteration 150.mlmodel in Sources */,
				AA88B3482B79C3B1000EED4D /* FabricObjectDetector 1 Iteration 3770.mlmodel in Sources */,
				AA88B34C2B79E21C000EED4D /* FabricInfo.swift in Sources */,
				AA88B32D2B79AE78000EED4D /* FabricDecoderApp.swift in Sources */,
			);
			runOnlyForDeploymentPostprocessing = 0;
		};
/* End PBXSourcesBuildPhase section */

/* Begin XCBuildConfiguration section */
		AA88B3352B79AE79000EED4D /* Debug */ = {
			isa = XCBuildConfiguration;
			buildSettings = {
				ALWAYS_SEARCH_USER_PATHS = NO;
				ASSETCATALOG_COMPILER_GENERATE_SWIFT_ASSET_SYMBOL_EXTENSIONS = YES;
				CLANG_ANALYZER_NONNULL = YES;
				CLANG_ANALYZER_NUMBER_OBJECT_CONVERSION = YES_AGGRESSIVE;
				CLANG_CXX_LANGUAGE_STANDARD = "gnu++20";
				CLANG_ENABLE_MODULES = YES;
				CLANG_ENABLE_OBJC_ARC = YES;
				CLANG_ENABLE_OBJC_WEAK = YES;
				CLANG_WARN_BLOCK_CAPTURE_AUTORELEASING = YES;
				CLANG_WARN_BOOL_CONVERSION = YES;
				CLANG_WARN_COMMA = YES;
				CLANG_WARN_CONSTANT_CONVERSION = YES;
				CLANG_WARN_DEPRECATED_OBJC_IMPLEMENTATIONS = YES;
				CLANG_WARN_DIRECT_OBJC_ISA_USAGE = YES_ERROR;
				CLANG_WARN_DOCUMENTATION_COMMENTS = YES;
				CLANG_WARN_EMPTY_BODY = YES;
				CLANG_WARN_ENUM_CONVERSION = YES;
				CLANG_WARN_INFINITE_RECURSION = YES;
				CLANG_WARN_INT_CONVERSION = YES;
				CLANG_WARN_NON_LITERAL_NULL_CONVERSION = YES;
				CLANG_WARN_OBJC_IMPLICIT_RETAIN_SELF = YES;
				CLANG_WARN_OBJC_LITERAL_CONVERSION = YES;
				CLANG_WARN_OBJC_ROOT_CLASS = YES_ERROR;
				CLANG_WARN_QUOTED_INCLUDE_IN_FRAMEWORK_HEADER = YES;
				CLANG_WARN_RANGE_LOOP_ANALYSIS = YES;
				CLANG_WARN_STRICT_PROTOTYPES = YES;
				CLANG_WARN_SUSPICIOUS_MOVE = YES;
				CLANG_WARN_UNGUARDED_AVAILABILITY = YES_AGGRESSIVE;
				CLANG_WARN_UNREACHABLE_CODE = YES;
				CLANG_WARN__DUPLICATE_METHOD_MATCH = YES;
				COPY_PHASE_STRIP = NO;
				DEBUG_INFORMATION_FORMAT = dwarf;
				ENABLE_STRICT_OBJC_MSGSEND = YES;
				ENABLE_TESTABILITY = YES;
				ENABLE_USER_SCRIPT_SANDBOXING = YES;
				GCC_C_LANGUAGE_STANDARD = gnu17;
				GCC_DYNAMIC_NO_PIC = NO;
				GCC_NO_COMMON_BLOCKS = YES;
				GCC_OPTIMIZATION_LEVEL = 0;
				GCC_PREPROCESSOR_DEFINITIONS = (
					"DEBUG=1",
					"$(inherited)",
				);
				GCC_WARN_64_TO_32_BIT_CONVERSION = YES;
				GCC_WARN_ABOUT_RETURN_TYPE = YES_ERROR;
				GCC_WARN_UNDECLARED_SELECTOR = YES;
				GCC_WARN_UNINITIALIZED_AUTOS = YES_AGGRESSIVE;
				GCC_WARN_UNUSED_FUNCTION = YES;
				GCC_WARN_UNUSED_VARIABLE = YES;
				IPHONEOS_DEPLOYMENT_TARGET = 17.2;
				LOCALIZATION_PREFERS_STRING_CATALOGS = YES;
				MTL_ENABLE_DEBUG_INFO = INCLUDE_SOURCE;
				MTL_FAST_MATH = YES;
				ONLY_ACTIVE_ARCH = YES;
				SDKROOT = iphoneos;
				SWIFT_ACTIVE_COMPILATION_CONDITIONS = "DEBUG $(inherited)";
				SWIFT_OPTIMIZATION_LEVEL = "-Onone";
			};
			name = Debug;
		};
		AA88B3362B79AE79000EED4D /* Release */ = {
			isa = XCBuildConfiguration;
			buildSettings = {
				ALWAYS_SEARCH_USER_PATHS = NO;
				ASSETCATALOG_COMPILER_GENERATE_SWIFT_ASSET_SYMBOL_EXTENSIONS = YES;
				CLANG_ANALYZER_NONNULL = YES;
				CLANG_ANALYZER_NUMBER_OBJECT_CONVERSION = YES_AGGRESSIVE;
				CLANG_CXX_LANGUAGE_STANDARD = "gnu++20";
				CLANG_ENABLE_MODULES = YES;
				CLANG_ENABLE_OBJC_ARC = YES;
				CLANG_ENABLE_OBJC_WEAK = YES;
				CLANG_WARN_BLOCK_CAPTURE_AUTORELEASING = YES;
				CLANG_WARN_BOOL_CONVERSION = YES;
				CLANG_WARN_COMMA = YES;
				CLANG_WARN_CONSTANT_CONVERSION = YES;
				CLANG_WARN_DEPRECATED_OBJC_IMPLEMENTATIONS = YES;
				CLANG_WARN_DIRECT_OBJC_ISA_USAGE = YES_ERROR;
				CLANG_WARN_DOCUMENTATION_COMMENTS = YES;
				CLANG_WARN_EMPTY_BODY = YES;
				CLANG_WARN_ENUM_CONVERSION = YES;
				CLANG_WARN_INFINITE_RECURSION = YES;
				CLANG_WARN_INT_CONVERSION = YES;
				CLANG_WARN_NON_LITERAL_NULL_CONVERSION = YES;
				CLANG_WARN_OBJC_IMPLICIT_RETAIN_SELF = YES;
				CLANG_WARN_OBJC_LITERAL_CONVERSION = YES;
				CLANG_WARN_OBJC_ROOT_CLASS = YES_ERROR;
				CLANG_WARN_QUOTED_INCLUDE_IN_FRAMEWORK_HEADER = YES;
				CLANG_WARN_RANGE_LOOP_ANALYSIS = YES;
				CLANG_WARN_STRICT_PROTOTYPES = YES;
				CLANG_WARN_SUSPICIOUS_MOVE = YES;
				CLANG_WARN_UNGUARDED_AVAILABILITY = YES_AGGRESSIVE;
				CLANG_WARN_UNREACHABLE_CODE = YES;
				CLANG_WARN__DUPLICATE_METHOD_MATCH = YES;
				COPY_PHASE_STRIP = NO;
				DEBUG_INFORMATION_FORMAT = "dwarf-with-dsym";
				ENABLE_NS_ASSERTIONS = NO;
				ENABLE_STRICT_OBJC_MSGSEND = YES;
				ENABLE_USER_SCRIPT_SANDBOXING = YES;
				GCC_C_LANGUAGE_STANDARD = gnu17;
				GCC_NO_COMMON_BLOCKS = YES;
				GCC_WARN_64_TO_32_BIT_CONVERSION = YES;
				GCC_WARN_ABOUT_RETURN_TYPE = YES_ERROR;
				GCC_WARN_UNDECLARED_SELECTOR = YES;
				GCC_WARN_UNINITIALIZED_AUTOS = YES_AGGRESSIVE;
				GCC_WARN_UNUSED_FUNCTION = YES;
				GCC_WARN_UNUSED_VARIABLE = YES;
				IPHONEOS_DEPLOYMENT_TARGET = 17.2;
				LOCALIZATION_PREFERS_STRING_CATALOGS = YES;
				MTL_ENABLE_DEBUG_INFO = NO;
				MTL_FAST_MATH = YES;
				SDKROOT = iphoneos;
				SWIFT_COMPILATION_MODE = wholemodule;
				VALIDATE_PRODUCT = YES;
			};
			name = Release;
		};
		AA88B3382B79AE79000EED4D /* Debug */ = {
			isa = XCBuildConfiguration;
			buildSettings = {
				ASSETCATALOG_COMPILER_APPICON_NAME = AppIcon;
				ASSETCATALOG_COMPILER_GLOBAL_ACCENT_COLOR_NAME = AccentColor;
				CODE_SIGN_STYLE = Automatic;
				CURRENT_PROJECT_VERSION = 1;
				DEVELOPMENT_ASSET_PATHS = "\"FabricDecoder/Preview Content\"";
				DEVELOPMENT_TEAM = T4JB96P77H;
				ENABLE_PREVIEWS = YES;
				GENERATE_INFOPLIST_FILE = YES;
				INFOPLIST_FILE = FabricDecoder/Info.plist;
				INFOPLIST_KEY_NSCameraUsageDescription = "Please allow access to take picture of the fabric for analysis.";
				INFOPLIST_KEY_UIApplicationSceneManifest_Generation = YES;
				INFOPLIST_KEY_UIApplicationSupportsIndirectInputEvents = YES;
				INFOPLIST_KEY_UILaunchScreen_Generation = YES;
				INFOPLIST_KEY_UISupportedInterfaceOrientations_iPad = "UIInterfaceOrientationPortrait UIInterfaceOrientationPortraitUpsideDown UIInterfaceOrientationLandscapeLeft UIInterfaceOrientationLandscapeRight";
				INFOPLIST_KEY_UISupportedInterfaceOrientations_iPhone = "UIInterfaceOrientationPortrait UIInterfaceOrientationLandscapeLeft UIInterfaceOrientationLandscapeRight";
				IPHONEOS_DEPLOYMENT_TARGET = 16.0;
				LD_RUNPATH_SEARCH_PATHS = (
					"$(inherited)",
					"@executable_path/Frameworks",
				);
				MARKETING_VERSION = 1.0;
				PRODUCT_BUNDLE_IDENTIFIER = world.aiclub.FabricDecode;
				PRODUCT_NAME = "$(TARGET_NAME)";
				SUPPORTED_PLATFORMS = "iphoneos iphonesimulator";
				SUPPORTS_MACCATALYST = NO;
				SUPPORTS_MAC_DESIGNED_FOR_IPHONE_IPAD = NO;
				SUPPORTS_XR_DESIGNED_FOR_IPHONE_IPAD = NO;
				SWIFT_EMIT_LOC_STRINGS = YES;
				SWIFT_VERSION = 5.0;
				TARGETED_DEVICE_FAMILY = "1,2";
			};
			name = Debug;
		};
		AA88B3392B79AE79000EED4D /* Release */ = {
			isa = XCBuildConfiguration;
			buildSettings = {
				ASSETCATALOG_COMPILER_APPICON_NAME = AppIcon;
				ASSETCATALOG_COMPILER_GLOBAL_ACCENT_COLOR_NAME = AccentColor;
				CODE_SIGN_STYLE = Automatic;
				CURRENT_PROJECT_VERSION = 1;
				DEVELOPMENT_ASSET_PATHS = "\"FabricDecoder/Preview Content\"";
				DEVELOPMENT_TEAM = T4JB96P77H;
				ENABLE_PREVIEWS = YES;
				GENERATE_INFOPLIST_FILE = YES;
				INFOPLIST_FILE = FabricDecoder/Info.plist;
				INFOPLIST_KEY_NSCameraUsageDescription = "Please allow access to take picture of the fabric for analysis.";
				INFOPLIST_KEY_UIApplicationSceneManifest_Generation = YES;
				INFOPLIST_KEY_UIApplicationSupportsIndirectInputEvents = YES;
				INFOPLIST_KEY_UILaunchScreen_Generation = YES;
				INFOPLIST_KEY_UISupportedInterfaceOrientations_iPad = "UIInterfaceOrientationPortrait UIInterfaceOrientationPortraitUpsideDown UIInterfaceOrientationLandscapeLeft UIInterfaceOrientationLandscapeRight";
				INFOPLIST_KEY_UISupportedInterfaceOrientations_iPhone = "UIInterfaceOrientationPortrait UIInterfaceOrientationLandscapeLeft UIInterfaceOrientationLandscapeRight";
				IPHONEOS_DEPLOYMENT_TARGET = 16.0;
				LD_RUNPATH_SEARCH_PATHS = (
					"$(inherited)",
					"@executable_path/Frameworks",
				);
				MARKETING_VERSION = 1.0;
				PRODUCT_BUNDLE_IDENTIFIER = world.aiclub.FabricDecode;
				PRODUCT_NAME = "$(TARGET_NAME)";
				SUPPORTED_PLATFORMS = "iphoneos iphonesimulator";
				SUPPORTS_MACCATALYST = NO;
				SUPPORTS_MAC_DESIGNED_FOR_IPHONE_IPAD = NO;
				SUPPORTS_XR_DESIGNED_FOR_IPHONE_IPAD = NO;
				SWIFT_EMIT_LOC_STRINGS = YES;
				SWIFT_VERSION = 5.0;
				TARGETED_DEVICE_FAMILY = "1,2";
			};
			name = Release;
		};
/* End XCBuildConfiguration section */

/* Begin XCConfigurationList section */
		AA88B3242B79AE78000EED4D /* Build configuration list for PBXProject "FabricDecoder" */ = {
			isa = XCConfigurationList;
			buildConfigurations = (
				AA88B3352B79AE79000EED4D /* Debug */,
				AA88B3362B79AE79000EED4D /* Release */,
			);
			defaultConfigurationIsVisible = 0;
			defaultConfigurationName = Release;
		};
		AA88B3372B79AE79000EED4D /* Build configuration list for PBXNativeTarget "FabricDecoder" */ = {
			isa = XCConfigurationList;
			buildConfigurations = (
				AA88B3382B79AE79000EED4D /* Debug */,
				AA88B3392B79AE79000EED4D /* Release */,
			);
			defaultConfigurationIsVisible = 0;
			defaultConfigurationName = Release;
		};
/* End XCConfigurationList section */

/* Begin XCRemoteSwiftPackageReference section */
		AA7530D12B7AE51700EC79C9 /* XCRemoteSwiftPackageReference "roboflow-swift" */ = {
			isa = XCRemoteSwiftPackageReference;
			repositoryURL = "https://github.com/roboflow/roboflow-swift";
			requirement = {
				kind = upToNextMajorVersion;
				minimumVersion = 1.0.3;
			};
		};
		AA88B33E2B79AFB3000EED4D /* XCRemoteSwiftPackageReference "SwiftyJSON" */ = {
			isa = XCRemoteSwiftPackageReference;
			repositoryURL = "https://github.com/SwiftyJSON/SwiftyJSON";
			requirement = {
				kind = upToNextMajorVersion;
				minimumVersion = 5.0.1;
			};
		};
/* End XCRemoteSwiftPackageReference section */

/* Begin XCSwiftPackageProductDependency section */
		AA7530D22B7AE51700EC79C9 /* Roboflow */ = {
			isa = XCSwiftPackageProductDependency;
			package = AA7530D12B7AE51700EC79C9 /* XCRemoteSwiftPackageReference "roboflow-swift" */;
			productName = Roboflow;
		};
		AA88B33F2B79AFB3000EED4D /* SwiftyJSON */ = {
			isa = XCSwiftPackageProductDependency;
			package = AA88B33E2B79AFB3000EED4D /* XCRemoteSwiftPackageReference "SwiftyJSON" */;
			productName = SwiftyJSON;
		};
/* End XCSwiftPackageProductDependency section */
	};
	rootObject = AA88B3212B79AE78000EED4D /* Project object */;
}
