{
  "pins" : [
    {
      "identity" : "roboflow-swift",
      "kind" : "remoteSourceControl",
      "location" : "https://github.com/roboflow/roboflow-swift",
      "state" : {
        "revision" : "19f6863e8612cf72a541d9b862e2681ae1a9e051",
        "version" : "1.0.3"
      }
    },
    {
      "identity" : "swiftyjson",
      "kind" : "remoteSourceControl",
      "location" : "https://github.com/SwiftyJSON/SwiftyJSON",
      "state" : {
        "revision" : "b3dcd7dbd0d488e1a7077cb33b00f2083e382f07",
        "version" : "5.0.1"
      }
    }
  ],
  "version" : 2
}
